Microsoft Visual Studio Solution File, Format Version 12.00
# Visual Studio Version 17
VisualStudioVersion = 17.5.2.0
MinimumVisualStudioVersion = 10.0.40219.1
Project("{2150E333-8FDC-42A3-9474-1A3956D46DE8}") = "reserse", "reserse", "{A11879E5-214A-A8BA-9AD6-7CB8AF85A564}"
EndProject
Project("{FAE04EC0-301F-11D3-BF4B-00C04F79EFBC}") = "GeCAFuture", "reserse\GeCAFuture\GeCAFuture.csproj", "{311816F3-293E-438F-319A-2B7BF5F4E43E}"
EndProject
Global
	GlobalSection(SolutionConfigurationPlatforms) = preSolution
		Debug|Any CPU = Debug|Any CPU
		Release|Any CPU = Release|Any CPU
	EndGlobalSection
	GlobalSection(ProjectConfigurationPlatforms) = postSolution
		{311816F3-293E-438F-319A-2B7BF5F4E43E}.Debug|Any CPU.ActiveCfg = Debug|Any CPU
		{311816F3-293E-438F-319A-2B7BF5F4E43E}.Debug|Any CPU.Build.0 = Debug|Any CPU
		{311816F3-293E-438F-319A-2B7BF5F4E43E}.Release|Any CPU.ActiveCfg = Release|Any CPU
		{311816F3-293E-438F-319A-2B7BF5F4E43E}.Release|Any CPU.Build.0 = Release|Any CPU
	EndGlobalSection
	GlobalSection(SolutionProperties) = preSolution
		HideSolutionNode = FALSE
	EndGlobalSection
	GlobalSection(NestedProjects) = preSolution
		{311816F3-293E-438F-319A-2B7BF5F4E43E} = {A11879E5-214A-A8BA-9AD6-7CB8AF85A564}
	EndGlobalSection
	GlobalSection(ExtensibilityGlobals) = postSolution
		SolutionGuid = {98E970FF-3D20-4CB0-A810-6930C9AAFC22}
	EndGlobalSection
EndGlobal
